
Microsoft Visual Studio Solution File, Format Version 12.00
# Visual Studio Version 17
VisualStudioVersion = 17.0.32014.148
MinimumVisualStudioVersion = 10.0.40219.1
Project("{9A19103F-16F7-4668-BE54-9A1E7A4F7556}") = "maxAmountOfMaxNumber", "maxAmountOfMaxNumber\maxAmountOfMaxNumber.csproj", "{70D9D4B9-8F05-429D-989C-7864D75F3998}"
EndProject
Global
	GlobalSection(SolutionConfigurationPlatforms) = preSolution
		Debug|Any CPU = Debug|Any CPU
		Release|Any CPU = Release|Any CPU
	EndGlobalSection
	GlobalSection(ProjectConfigurationPlatforms) = postSolution
		{70D9D4B9-8F05-429D-989C-7864D75F3998}.Debug|Any CPU.ActiveCfg = Debug|Any CPU
		{70D9D4B9-8F05-429D-989C-7864D75F3998}.Debug|Any CPU.Build.0 = Debug|Any CPU
		{70D9D4B9-8F05-429D-989C-7864D75F3998}.Release|Any CPU.ActiveCfg = Release|Any CPU
		{70D9D4B9-8F05-429D-989C-7864D75F3998}.Release|Any CPU.Build.0 = Release|Any CPU
	EndGlobalSection
	GlobalSection(SolutionProperties) = preSolution
		HideSolutionNode = FALSE
	EndGlobalSection
	GlobalSection(ExtensibilityGlobals) = postSolution
		SolutionGuid = {1A5640CE-9992-49EB-98A3-3B9F8A0DE933}
	EndGlobalSection
EndGlobal
